// !$*UTF8*$!
{
	archiveVersion = 1;
	classes = {
	};
	objectVersion = 50;
	objects = {

/* Begin PBXBuildFile section */
		52163647225E87A5004DE5F0 /* InitialViewController.swift in Sources */ = {isa = PBXBuildFile; fileRef = 52163645225E87A5004DE5F0 /* InitialViewController.swift */; };
		52163648225E87A5004DE5F0 /* InitialViewController.xib in Resources */ = {isa = PBXBuildFile; fileRef = 52163646225E87A5004DE5F0 /* InitialViewController.xib */; };
		524EDD5B229210AD00A35141 /* QuizzesViewController.xib in Resources */ = {isa = PBXBuildFile; fileRef = 524EDD59229210AD00A35141 /* QuizzesViewController.xib */; };
		524EDD5C229210AD00A35141 /* QuizzesViewController.swift in Sources */ = {isa = PBXBuildFile; fileRef = 524EDD5A229210AD00A35141 /* QuizzesViewController.swift */; };
		524EDD5F229211DD00A35141 /* QuizzesTableSectionHeader.swift in Sources */ = {isa = PBXBuildFile; fileRef = 524EDD5D229211DD00A35141 /* QuizzesTableSectionHeader.swift */; };
		524EDD632292156400A35141 /* QuizzesViewModel.swift in Sources */ = {isa = PBXBuildFile; fileRef = 524EDD622292156400A35141 /* QuizzesViewModel.swift */; };
		524EDD6522921C3400A35141 /* Pods in Resources */ = {isa = PBXBuildFile; fileRef = 524EDD6422921C3400A35141 /* Pods */; };
		524EDD682292214300A35141 /* QuizTableViewCell.swift in Sources */ = {isa = PBXBuildFile; fileRef = 524EDD662292214300A35141 /* QuizTableViewCell.swift */; };
		524EDD692292214300A35141 /* QuizTableViewCell.xib in Resources */ = {isa = PBXBuildFile; fileRef = 524EDD672292214300A35141 /* QuizTableViewCell.xib */; };
		524EDD6B22923B4D00A35141 /* SingleQuizViewModel.swift in Sources */ = {isa = PBXBuildFile; fileRef = 524EDD6A22923B4D00A35141 /* SingleQuizViewModel.swift */; };
		524EDD6E2292409400A35141 /* SingleQuizViewController.swift in Sources */ = {isa = PBXBuildFile; fileRef = 524EDD6C2292409300A35141 /* SingleQuizViewController.swift */; };
		524EDD6F2292409400A35141 /* SingleQuizViewController.xib in Resources */ = {isa = PBXBuildFile; fileRef = 524EDD6D2292409400A35141 /* SingleQuizViewController.xib */; };
		524EDD722292556800A35141 /* LoginViewController.swift in Sources */ = {isa = PBXBuildFile; fileRef = 524EDD702292556800A35141 /* LoginViewController.swift */; };
		524EDD732292556800A35141 /* LoginViewController.xib in Resources */ = {isa = PBXBuildFile; fileRef = 524EDD712292556800A35141 /* LoginViewController.xib */; };
		524EDD75229257D000A35141 /* LoginService.swift in Sources */ = {isa = PBXBuildFile; fileRef = 524EDD74229257D000A35141 /* LoginService.swift */; };
		524EDD772292CB3300A35141 /* ServerResponse.swift in Sources */ = {isa = PBXBuildFile; fileRef = 524EDD762292CB3300A35141 /* ServerResponse.swift */; };
		52888A3C22555C64001161BF /* AppDelegate.swift in Sources */ = {isa = PBXBuildFile; fileRef = 52888A3B22555C64001161BF /* AppDelegate.swift */; };
		52888A4122555C64001161BF /* Main.storyboard in Resources */ = {isa = PBXBuildFile; fileRef = 52888A3F22555C64001161BF /* Main.storyboard */; };
		52888A4322555C66001161BF /* Assets.xcassets in Resources */ = {isa = PBXBuildFile; fileRef = 52888A4222555C66001161BF /* Assets.xcassets */; };
		52888A4622555C66001161BF /* LaunchScreen.storyboard in Resources */ = {isa = PBXBuildFile; fileRef = 52888A4422555C66001161BF /* LaunchScreen.storyboard */; };
		52888A5722557547001161BF /* QuizService.swift in Sources */ = {isa = PBXBuildFile; fileRef = 52888A5622557547001161BF /* QuizService.swift */; };
		52888A5922557831001161BF /* Quiz.swift in Sources */ = {isa = PBXBuildFile; fileRef = 52888A5822557831001161BF /* Quiz.swift */; };
		52888A5B22557D88001161BF /* Category.swift in Sources */ = {isa = PBXBuildFile; fileRef = 52888A5A22557D88001161BF /* Category.swift */; };
		52888A5D22558126001161BF /* Question.swift in Sources */ = {isa = PBXBuildFile; fileRef = 52888A5C22558126001161BF /* Question.swift */; };
		52DA2F32225FBBA300B3A72D /* QuestionView.swift in Sources */ = {isa = PBXBuildFile; fileRef = 52DA2F31225FBBA300B3A72D /* QuestionView.swift */; };
		52DA2F34225FC1B800B3A72D /* QuestionView.xib in Resources */ = {isa = PBXBuildFile; fileRef = 52DA2F33225FC1B800B3A72D /* QuestionView.xib */; };
		52FDA885227A6C3B00E313B2 /* QuizTableViewCell1.swift in Sources */ = {isa = PBXBuildFile; fileRef = 52FDA884227A6C3B00E313B2 /* QuizTableViewCell1.swift */; };
		52FDA88B227A718F00E313B2 /* QuizzesTableViewController.swift in Sources */ = {isa = PBXBuildFile; fileRef = 52FDA88A227A718F00E313B2 /* QuizzesTableViewController.swift */; };
/* End PBXBuildFile section */

/* Begin PBXFileReference section */
		52163645225E87A5004DE5F0 /* InitialViewController.swift */ = {isa = PBXFileReference; lastKnownFileType = sourcecode.swift; path = InitialViewController.swift; sourceTree = "<group>"; };
		52163646225E87A5004DE5F0 /* InitialViewController.xib */ = {isa = PBXFileReference; lastKnownFileType = file.xib; path = InitialViewController.xib; sourceTree = "<group>"; };
		524EDD59229210AD00A35141 /* QuizzesViewController.xib */ = {isa = PBXFileReference; fileEncoding = 4; lastKnownFileType = file.xib; path = QuizzesViewController.xib; sourceTree = "<group>"; };
		524EDD5A229210AD00A35141 /* QuizzesViewController.swift */ = {isa = PBXFileReference; fileEncoding = 4; lastKnownFileType = sourcecode.swift; path = QuizzesViewController.swift; sourceTree = "<group>"; };
		524EDD5D229211DD00A35141 /* QuizzesTableSectionHeader.swift */ = {isa = PBXFileReference; fileEncoding = 4; lastKnownFileType = sourcecode.swift; path = QuizzesTableSectionHeader.swift; sourceTree = "<group>"; };
		524EDD622292156400A35141 /* QuizzesViewModel.swift */ = {isa = PBXFileReference; lastKnownFileType = sourcecode.swift; path = QuizzesViewModel.swift; sourceTree = "<group>"; };
		524EDD6422921C3400A35141 /* Pods */ = {isa = PBXFileReference; lastKnownFileType = folder; path = Pods; sourceTree = "<group>"; };
		524EDD662292214300A35141 /* QuizTableViewCell.swift */ = {isa = PBXFileReference; fileEncoding = 4; lastKnownFileType = sourcecode.swift; path = QuizTableViewCell.swift; sourceTree = "<group>"; };
		524EDD672292214300A35141 /* QuizTableViewCell.xib */ = {isa = PBXFileReference; fileEncoding = 4; lastKnownFileType = file.xib; path = QuizTableViewCell.xib; sourceTree = "<group>"; };
		524EDD6A22923B4D00A35141 /* SingleQuizViewModel.swift */ = {isa = PBXFileReference; lastKnownFileType = sourcecode.swift; path = SingleQuizViewModel.swift; sourceTree = "<group>"; };
		524EDD6C2292409300A35141 /* SingleQuizViewController.swift */ = {isa = PBXFileReference; lastKnownFileType = sourcecode.swift; path = SingleQuizViewController.swift; sourceTree = "<group>"; };
		524EDD6D2292409400A35141 /* SingleQuizViewController.xib */ = {isa = PBXFileReference; lastKnownFileType = file.xib; path = SingleQuizViewController.xib; sourceTree = "<group>"; };
		524EDD702292556800A35141 /* LoginViewController.swift */ = {isa = PBXFileReference; lastKnownFileType = sourcecode.swift; path = LoginViewController.swift; sourceTree = "<group>"; };
		524EDD712292556800A35141 /* LoginViewController.xib */ = {isa = PBXFileReference; lastKnownFileType = file.xib; path = LoginViewController.xib; sourceTree = "<group>"; };
		524EDD74229257D000A35141 /* LoginService.swift */ = {isa = PBXFileReference; lastKnownFileType = sourcecode.swift; path = LoginService.swift; sourceTree = "<group>"; };
		524EDD762292CB3300A35141 /* ServerResponse.swift */ = {isa = PBXFileReference; lastKnownFileType = sourcecode.swift; path = ServerResponse.swift; sourceTree = "<group>"; };
		52888A3822555C64001161BF /* iOSVjestina2019.app */ = {isa = PBXFileReference; explicitFileType = wrapper.application; includeInIndex = 0; path = iOSVjestina2019.app; sourceTree = BUILT_PRODUCTS_DIR; };
		52888A3B22555C64001161BF /* AppDelegate.swift */ = {isa = PBXFileReference; lastKnownFileType = sourcecode.swift; path = AppDelegate.swift; sourceTree = "<group>"; };
		52888A4022555C64001161BF /* Base */ = {isa = PBXFileReference; lastKnownFileType = file.storyboard; name = Base; path = Base.lproj/Main.storyboard; sourceTree = "<group>"; };
		52888A4222555C66001161BF /* Assets.xcassets */ = {isa = PBXFileReference; lastKnownFileType = folder.assetcatalog; path = Assets.xcassets; sourceTree = "<group>"; };
		52888A4522555C66001161BF /* Base */ = {isa = PBXFileReference; lastKnownFileType = file.storyboard; name = Base; path = Base.lproj/LaunchScreen.storyboard; sourceTree = "<group>"; };
		52888A4722555C66001161BF /* Info.plist */ = {isa = PBXFileReference; lastKnownFileType = text.plist.xml; path = Info.plist; sourceTree = "<group>"; };
		52888A5622557547001161BF /* QuizService.swift */ = {isa = PBXFileReference; lastKnownFileType = sourcecode.swift; path = QuizService.swift; sourceTree = "<group>"; };
		52888A5822557831001161BF /* Quiz.swift */ = {isa = PBXFileReference; lastKnownFileType = sourcecode.swift; path = Quiz.swift; sourceTree = "<group>"; };
		52888A5A22557D88001161BF /* Category.swift */ = {isa = PBXFileReference; lastKnownFileType = sourcecode.swift; path = Category.swift; sourceTree = "<group>"; };
		52888A5C22558126001161BF /* Question.swift */ = {isa = PBXFileReference; lastKnownFileType = sourcecode.swift; path = Question.swift; sourceTree = "<group>"; };
		52DA2F31225FBBA300B3A72D /* QuestionView.swift */ = {isa = PBXFileReference; lastKnownFileType = sourcecode.swift; path = QuestionView.swift; sourceTree = "<group>"; };
		52DA2F33225FC1B800B3A72D /* QuestionView.xib */ = {isa = PBXFileReference; lastKnownFileType = file.xib; path = QuestionView.xib; sourceTree = "<group>"; };
		52FDA884227A6C3B00E313B2 /* QuizTableViewCell1.swift */ = {isa = PBXFileReference; lastKnownFileType = sourcecode.swift; path = QuizTableViewCell1.swift; sourceTree = "<group>"; };
		52FDA88A227A718F00E313B2 /* QuizzesTableViewController.swift */ = {isa = PBXFileReference; lastKnownFileType = sourcecode.swift; path = QuizzesTableViewController.swift; sourceTree = "<group>"; };
/* End PBXFileReference section */

/* Begin PBXFrameworksBuildPhase section */
		52888A3522555C64001161BF /* Frameworks */ = {
			isa = PBXFrameworksBuildPhase;
			buildActionMask = 2147483647;
			files = (
			);
			runOnlyForDeploymentPostprocessing = 0;
		};
/* End PBXFrameworksBuildPhase section */

/* Begin PBXGroup section */
		52163644225E877C004DE5F0 /* Controllers */ = {
			isa = PBXGroup;
			children = (
				524EDD5A229210AD00A35141 /* QuizzesViewController.swift */,
				524EDD59229210AD00A35141 /* QuizzesViewController.xib */,
				52163645225E87A5004DE5F0 /* InitialViewController.swift */,
				52163646225E87A5004DE5F0 /* InitialViewController.xib */,
				52FDA88A227A718F00E313B2 /* QuizzesTableViewController.swift */,
				524EDD6C2292409300A35141 /* SingleQuizViewController.swift */,
				524EDD6D2292409400A35141 /* SingleQuizViewController.xib */,
				524EDD702292556800A35141 /* LoginViewController.swift */,
				524EDD712292556800A35141 /* LoginViewController.xib */,
			);
			path = Controllers;
			sourceTree = "<group>";
		};
		524EDD612292153D00A35141 /* ViewModels */ = {
			isa = PBXGroup;
			children = (
				524EDD622292156400A35141 /* QuizzesViewModel.swift */,
				524EDD6A22923B4D00A35141 /* SingleQuizViewModel.swift */,
			);
			path = ViewModels;
			sourceTree = "<group>";
		};
		52888A2F22555C64001161BF = {
			isa = PBXGroup;
			children = (
				524EDD6422921C3400A35141 /* Pods */,
				52888A3A22555C64001161BF /* iOSVjestina2019 */,
				52888A3922555C64001161BF /* Products */,
			);
			sourceTree = "<group>";
		};
		52888A3922555C64001161BF /* Products */ = {
			isa = PBXGroup;
			children = (
				52888A3822555C64001161BF /* iOSVjestina2019.app */,
			);
			name = Products;
			sourceTree = "<group>";
		};
		52888A3A22555C64001161BF /* iOSVjestina2019 */ = {
			isa = PBXGroup;
			children = (
				524EDD612292153D00A35141 /* ViewModels */,
				52163644225E877C004DE5F0 /* Controllers */,
				52888A53225572DA001161BF /* Model */,
				52888A52225572D0001161BF /* Services */,
				52888A4F225571A5001161BF /* Views */,
				52888A3B22555C64001161BF /* AppDelegate.swift */,
				52888A3F22555C64001161BF /* Main.storyboard */,
				52888A4222555C66001161BF /* Assets.xcassets */,
				52888A4422555C66001161BF /* LaunchScreen.storyboard */,
				52888A4722555C66001161BF /* Info.plist */,
			);
			path = iOSVjestina2019;
			sourceTree = "<group>";
		};
		52888A4F225571A5001161BF /* Views */ = {
			isa = PBXGroup;
			children = (
				524EDD662292214300A35141 /* QuizTableViewCell.swift */,
				524EDD672292214300A35141 /* QuizTableViewCell.xib */,
				524EDD5D229211DD00A35141 /* QuizzesTableSectionHeader.swift */,
				52DA2F31225FBBA300B3A72D /* QuestionView.swift */,
				52DA2F33225FC1B800B3A72D /* QuestionView.xib */,
				52FDA884227A6C3B00E313B2 /* QuizTableViewCell1.swift */,
			);
			path = Views;
			sourceTree = "<group>";
		};
		52888A52225572D0001161BF /* Services */ = {
			isa = PBXGroup;
			children = (
				52888A5622557547001161BF /* QuizService.swift */,
				524EDD74229257D000A35141 /* LoginService.swift */,
			);
			path = Services;
			sourceTree = "<group>";
		};
		52888A53225572DA001161BF /* Model */ = {
			isa = PBXGroup;
			children = (
				52888A5822557831001161BF /* Quiz.swift */,
				52888A5A22557D88001161BF /* Category.swift */,
				52888A5C22558126001161BF /* Question.swift */,
				524EDD762292CB3300A35141 /* ServerResponse.swift */,
			);
			path = Model;
			sourceTree = "<group>";
		};
/* End PBXGroup section */

/* Begin PBXNativeTarget section */
		52888A3722555C64001161BF /* iOSVjestina2019 */ = {
			isa = PBXNativeTarget;
			buildConfigurationList = 52888A4A22555C66001161BF /* Build configuration list for PBXNativeTarget "iOSVjestina2019" */;
			buildPhases = (
				52888A3422555C64001161BF /* Sources */,
				52888A3522555C64001161BF /* Frameworks */,
				52888A3622555C64001161BF /* Resources */,
			);
			buildRules = (
			);
			dependencies = (
			);
			name = iOSVjestina2019;
			productName = iOSVjestina2019;
			productReference = 52888A3822555C64001161BF /* iOSVjestina2019.app */;
			productType = "com.apple.product-type.application";
		};
/* End PBXNativeTarget section */

/* Begin PBXProject section */
		52888A3022555C64001161BF /* Project object */ = {
			isa = PBXProject;
			attributes = {
				LastSwiftUpdateCheck = 0940;
				LastUpgradeCheck = 0940;
				ORGANIZATIONNAME = FIVE;
				TargetAttributes = {
					52888A3722555C64001161BF = {
						CreatedOnToolsVersion = 9.4;
					};
				};
			};
			buildConfigurationList = 52888A3322555C64001161BF /* Build configuration list for PBXProject "iOSVjestina2019" */;
			compatibilityVersion = "Xcode 9.3";
			developmentRegion = en;
			hasScannedForEncodings = 0;
			knownRegions = (
				en,
				Base,
			);
			mainGroup = 52888A2F22555C64001161BF;
			productRefGroup = 52888A3922555C64001161BF /* Products */;
			projectDirPath = "";
			projectRoot = "";
			targets = (
				52888A3722555C64001161BF /* iOSVjestina2019 */,
			);
		};
/* End PBXProject section */

/* Begin PBXResourcesBuildPhase section */
		52888A3622555C64001161BF /* Resources */ = {
			isa = PBXResourcesBuildPhase;
			buildActionMask = 2147483647;
			files = (
				524EDD732292556800A35141 /* LoginViewController.xib in Resources */,
				52DA2F34225FC1B800B3A72D /* QuestionView.xib in Resources */,
				524EDD6522921C3400A35141 /* Pods in Resources */,
				524EDD6F2292409400A35141 /* SingleQuizViewController.xib in Resources */,
				52888A4622555C66001161BF /* LaunchScreen.storyboard in Resources */,
				52888A4322555C66001161BF /* Assets.xcassets in Resources */,
				524EDD5B229210AD00A35141 /* QuizzesViewController.xib in Resources */,
				524EDD692292214300A35141 /* QuizTableViewCell.xib in Resources */,
				52888A4122555C64001161BF /* Main.storyboard in Resources */,
				52163648225E87A5004DE5F0 /* InitialViewController.xib in Resources */,
			);
			runOnlyForDeploymentPostprocessing = 0;
		};
/* End PBXResourcesBuildPhase section */

/* Begin PBXSourcesBuildPhase section */
		52888A3422555C64001161BF /* Sources */ = {
			isa = PBXSourcesBuildPhase;
			buildActionMask = 2147483647;
			files = (
				524EDD75229257D000A35141 /* LoginService.swift in Sources */,
				52DA2F32225FBBA300B3A72D /* QuestionView.swift in Sources */,
				52888A5722557547001161BF /* QuizService.swift in Sources */,
				52888A5B22557D88001161BF /* Category.swift in Sources */,
				52888A5D22558126001161BF /* Question.swift in Sources */,
				52888A5922557831001161BF /* Quiz.swift in Sources */,
				52888A3C22555C64001161BF /* AppDelegate.swift in Sources */,
				52FDA885227A6C3B00E313B2 /* QuizTableViewCell1.swift in Sources */,
				524EDD5C229210AD00A35141 /* QuizzesViewController.swift in Sources */,
				52FDA88B227A718F00E313B2 /* QuizzesTableViewController.swift in Sources */,
				524EDD682292214300A35141 /* QuizTableViewCell.swift in Sources */,
				524EDD632292156400A35141 /* QuizzesViewModel.swift in Sources */,
				524EDD6E2292409400A35141 /* SingleQuizViewController.swift in Sources */,
				524EDD772292CB3300A35141 /* ServerResponse.swift in Sources */,
				524EDD722292556800A35141 /* LoginViewController.swift in Sources */,
				52163647225E87A5004DE5F0 /* InitialViewController.swift in Sources */,
				524EDD5F229211DD00A35141 /* QuizzesTableSectionHeader.swift in Sources */,
				524EDD6B22923B4D00A35141 /* SingleQuizViewModel.swift in Sources */,
			);
			runOnlyForDeploymentPostprocessing = 0;
		};
/* End PBXSourcesBuildPhase section */

/* Begin PBXVariantGroup section */
		52888A3F22555C64001161BF /* Main.storyboard */ = {
			isa = PBXVariantGroup;
			children = (
				52888A4022555C64001161BF /* Base */,
			);
			name = Main.storyboard;
			sourceTree = "<group>";
		};
		52888A4422555C66001161BF /* LaunchScreen.storyboard */ = {
			isa = PBXVariantGroup;
			children = (
				52888A4522555C66001161BF /* Base */,
			);
			name = LaunchScreen.storyboard;
			sourceTree = "<group>";
		};
/* End PBXVariantGroup section */

/* Begin XCBuildConfiguration section */
		52888A4822555C66001161BF /* Debug */ = {
			isa = XCBuildConfiguration;
			buildSettings = {
				ALWAYS_SEARCH_USER_PATHS = NO;
				CLANG_ANALYZER_NONNULL = YES;
				CLANG_ANALYZER_NUMBER_OBJECT_CONVERSION = YES_AGGRESSIVE;
				CLANG_CXX_LANGUAGE_STANDARD = "gnu++14";
				CLANG_CXX_LIBRARY = "libc++";
				CLANG_ENABLE_MODULES = YES;
				CLANG_ENABLE_OBJC_ARC = YES;
				CLANG_ENABLE_OBJC_WEAK = YES;
				CLANG_WARN_BLOCK_CAPTURE_AUTORELEASING = YES;
				CLANG_WARN_BOOL_CONVERSION = YES;
				CLANG_WARN_COMMA = YES;
				CLANG_WARN_CONSTANT_CONVERSION = YES;
				CLANG_WARN_DEPRECATED_OBJC_IMPLEMENTATIONS = YES;
				CLANG_WARN_DIRECT_OBJC_ISA_USAGE = YES_ERROR;
				CLANG_WARN_DOCUMENTATION_COMMENTS = YES;
				CLANG_WARN_EMPTY_BODY = YES;
				CLANG_WARN_ENUM_CONVERSION = YES;
				CLANG_WARN_INFINITE_RECURSION = YES;
				CLANG_WARN_INT_CONVERSION = YES;
				CLANG_WARN_NON_LITERAL_NULL_CONVERSION = YES;
				CLANG_WARN_OBJC_IMPLICIT_RETAIN_SELF = YES;
				CLANG_WARN_OBJC_LITERAL_CONVERSION = YES;
				CLANG_WARN_OBJC_ROOT_CLASS = YES_ERROR;
				CLANG_WARN_RANGE_LOOP_ANALYSIS = YES;
				CLANG_WARN_STRICT_PROTOTYPES = YES;
				CLANG_WARN_SUSPICIOUS_MOVE = YES;
				CLANG_WARN_UNGUARDED_AVAILABILITY = YES_AGGRESSIVE;
				CLANG_WARN_UNREACHABLE_CODE = YES;
				CLANG_WARN__DUPLICATE_METHOD_MATCH = YES;
				CODE_SIGN_IDENTITY = "iPhone Developer";
				COPY_PHASE_STRIP = NO;
				DEBUG_INFORMATION_FORMAT = dwarf;
				ENABLE_STRICT_OBJC_MSGSEND = YES;
				ENABLE_TESTABILITY = YES;
				GCC_C_LANGUAGE_STANDARD = gnu11;
				GCC_DYNAMIC_NO_PIC = NO;
				GCC_NO_COMMON_BLOCKS = YES;
				GCC_OPTIMIZATION_LEVEL = 0;
				GCC_PREPROCESSOR_DEFINITIONS = (
					"DEBUG=1",
					"$(inherited)",
				);
				GCC_WARN_64_TO_32_BIT_CONVERSION = YES;
				GCC_WARN_ABOUT_RETURN_TYPE = YES_ERROR;
				GCC_WARN_UNDECLARED_SELECTOR = YES;
				GCC_WARN_UNINITIALIZED_AUTOS = YES_AGGRESSIVE;
				GCC_WARN_UNUSED_FUNCTION = YES;
				GCC_WARN_UNUSED_VARIABLE = YES;
				IPHONEOS_DEPLOYMENT_TARGET = 11.4;
				MTL_ENABLE_DEBUG_INFO = YES;
				ONLY_ACTIVE_ARCH = YES;
				SDKROOT = iphoneos;
				SWIFT_ACTIVE_COMPILATION_CONDITIONS = DEBUG;
				SWIFT_OPTIMIZATION_LEVEL = "-Onone";
			};
			name = Debug;
		};
		52888A4922555C66001161BF /* Release */ = {
			isa = XCBuildConfiguration;
			buildSettings = {
				ALWAYS_SEARCH_USER_PATHS = NO;
				CLANG_ANALYZER_NONNULL = YES;
				CLANG_ANALYZER_NUMBER_OBJECT_CONVERSION = YES_AGGRESSIVE;
				CLANG_CXX_LANGUAGE_STANDARD = "gnu++14";
				CLANG_CXX_LIBRARY = "libc++";
				CLANG_ENABLE_MODULES = YES;
				CLANG_ENABLE_OBJC_ARC = YES;
				CLANG_ENABLE_OBJC_WEAK = YES;
				CLANG_WARN_BLOCK_CAPTURE_AUTORELEASING = YES;
				CLANG_WARN_BOOL_CONVERSION = YES;
				CLANG_WARN_COMMA = YES;
				CLANG_WARN_CONSTANT_CONVERSION = YES;
				CLANG_WARN_DEPRECATED_OBJC_IMPLEMENTATIONS = YES;
				CLANG_WARN_DIRECT_OBJC_ISA_USAGE = YES_ERROR;
				CLANG_WARN_DOCUMENTATION_COMMENTS = YES;
				CLANG_WARN_EMPTY_BODY = YES;
				CLANG_WARN_ENUM_CONVERSION = YES;
				CLANG_WARN_INFINITE_RECURSION = YES;
				CLANG_WARN_INT_CONVERSION = YES;
				CLANG_WARN_NON_LITERAL_NULL_CONVERSION = YES;
				CLANG_WARN_OBJC_IMPLICIT_RETAIN_SELF = YES;
				CLANG_WARN_OBJC_LITERAL_CONVERSION = YES;
				CLANG_WARN_OBJC_ROOT_CLASS = YES_ERROR;
				CLANG_WARN_RANGE_LOOP_ANALYSIS = YES;
				CLANG_WARN_STRICT_PROTOTYPES = YES;
				CLANG_WARN_SUSPICIOUS_MOVE = YES;
				CLANG_WARN_UNGUARDED_AVAILABILITY = YES_AGGRESSIVE;
				CLANG_WARN_UNREACHABLE_CODE = YES;
				CLANG_WARN__DUPLICATE_METHOD_MATCH = YES;
				CODE_SIGN_IDENTITY = "iPhone Developer";
				COPY_PHASE_STRIP = NO;
				DEBUG_INFORMATION_FORMAT = "dwarf-with-dsym";
				ENABLE_NS_ASSERTIONS = NO;
				ENABLE_STRICT_OBJC_MSGSEND = YES;
				GCC_C_LANGUAGE_STANDARD = gnu11;
				GCC_NO_COMMON_BLOCKS = YES;
				GCC_WARN_64_TO_32_BIT_CONVERSION = YES;
				GCC_WARN_ABOUT_RETURN_TYPE = YES_ERROR;
				GCC_WARN_UNDECLARED_SELECTOR = YES;
				GCC_WARN_UNINITIALIZED_AUTOS = YES_AGGRESSIVE;
				GCC_WARN_UNUSED_FUNCTION = YES;
				GCC_WARN_UNUSED_VARIABLE = YES;
				IPHONEOS_DEPLOYMENT_TARGET = 11.4;
				MTL_ENABLE_DEBUG_INFO = NO;
				SDKROOT = iphoneos;
				SWIFT_COMPILATION_MODE = wholemodule;
				SWIFT_OPTIMIZATION_LEVEL = "-O";
				VALIDATE_PRODUCT = YES;
			};
			name = Release;
		};
		52888A4B22555C66001161BF /* Debug */ = {
			isa = XCBuildConfiguration;
			buildSettings = {
				ASSETCATALOG_COMPILER_APPICON_NAME = AppIcon;
				CODE_SIGN_STYLE = Automatic;
				INFOPLIST_FILE = iOSVjestina2019/Info.plist;
				LD_RUNPATH_SEARCH_PATHS = (
					"$(inherited)",
					"@executable_path/Frameworks",
				);
				PRODUCT_BUNDLE_IDENTIFIER = "hr.fer.brncic.tomislav-ante.iOSVjestina2019";
				PRODUCT_NAME = "$(TARGET_NAME)";
				SWIFT_VERSION = 4.0;
				TARGETED_DEVICE_FAMILY = "1,2";
			};
			name = Debug;
		};
		52888A4C22555C66001161BF /* Release */ = {
			isa = XCBuildConfiguration;
			buildSettings = {
				ASSETCATALOG_COMPILER_APPICON_NAME = AppIcon;
				CODE_SIGN_STYLE = Automatic;
				INFOPLIST_FILE = iOSVjestina2019/Info.plist;
				LD_RUNPATH_SEARCH_PATHS = (
					"$(inherited)",
					"@executable_path/Frameworks",
				);
				PRODUCT_BUNDLE_IDENTIFIER = "hr.fer.brncic.tomislav-ante.iOSVjestina2019";
				PRODUCT_NAME = "$(TARGET_NAME)";
				SWIFT_VERSION = 4.0;
				TARGETED_DEVICE_FAMILY = "1,2";
			};
			name = Release;
		};
/* End XCBuildConfiguration section */

/* Begin XCConfigurationList section */
		52888A3322555C64001161BF /* Build configuration list for PBXProject "iOSVjestina2019" */ = {
			isa = XCConfigurationList;
			buildConfigurations = (
				52888A4822555C66001161BF /* Debug */,
				52888A4922555C66001161BF /* Release */,
			);
			defaultConfigurationIsVisible = 0;
			defaultConfigurationName = Release;
		};
		52888A4A22555C66001161BF /* Build configuration list for PBXNativeTarget "iOSVjestina2019" */ = {
			isa = XCConfigurationList;
			buildConfigurations = (
				52888A4B22555C66001161BF /* Debug */,
				52888A4C22555C66001161BF /* Release */,
			);
			defaultConfigurationIsVisible = 0;
			defaultConfigurationName = Release;
		};
/* End XCConfigurationList section */
	};
	rootObject = 52888A3022555C64001161BF /* Project object */;
}
